
Microsoft Visual Studio Solution File, Format Version 12.00
# Visual Studio 15
VisualStudioVersion = 15.0.28307.329
MinimumVisualStudioVersion = 10.0.40219.1
Project("{F184B08F-C81C-45F6-A57F-5ABD9991F28F}") = "Lab3AverageUnits", "Lab3AverageUnits\Lab3AverageUnits.vbproj", "{F9EF0E01-6924-4626-8210-EBE894C6AD1B}"
EndProject
Global
	GlobalSection(SolutionConfigurationPlatforms) = preSolution
		Debug|Any CPU = Debug|Any CPU
		Release|Any CPU = Release|Any CPU
	EndGlobalSection
	GlobalSection(ProjectConfigurationPlatforms) = postSolution
		{F9EF0E01-6924-4626-8210-EBE894C6AD1B}.Debug|Any CPU.ActiveCfg = Debug|Any CPU
		{F9EF0E01-6924-4626-8210-EBE894C6AD1B}.Debug|Any CPU.Build.0 = Debug|Any CPU
		{F9EF0E01-6924-4626-8210-EBE894C6AD1B}.Release|Any CPU.ActiveCfg = Release|Any CPU
		{F9EF0E01-6924-4626-8210-EBE894C6AD1B}.Release|Any CPU.Build.0 = Release|Any CPU
	EndGlobalSection
	GlobalSection(SolutionProperties) = preSolution
		HideSolutionNode = FALSE
	EndGlobalSection
	GlobalSection(ExtensibilityGlobals) = postSolution
		SolutionGuid = {B6617FC5-F75D-4776-BE5E-4E6AECE89061}
	EndGlobalSection
EndGlobal
